
Microsoft Visual Studio Solution File, Format Version 12.00
# Visual Studio Version 16
VisualStudioVersion = 16.0.29806.167
MinimumVisualStudioVersion = 10.0.40219.1
Project("{FAE04EC0-301F-11D3-BF4B-00C04F79EFBC}") = "HomeWork_6", "HomeWork_6\HomeWork_6.csproj", "{07EB4627-0D4A-4963-9DC6-2A61C7A68222}"
EndProject
Global
	GlobalSection(SolutionConfigurationPlatforms) = preSolution
		Debug|Any CPU = Debug|Any CPU
		Release|Any CPU = Release|Any CPU
	EndGlobalSection
	GlobalSection(ProjectConfigurationPlatforms) = postSolution
		{07EB4627-0D4A-4963-9DC6-2A61C7A68222}.Debug|Any CPU.ActiveCfg = Debug|Any CPU
		{07EB4627-0D4A-4963-9DC6-2A61C7A68222}.Debug|Any CPU.Build.0 = Debug|Any CPU
		{07EB4627-0D4A-4963-9DC6-2A61C7A68222}.Release|Any CPU.ActiveCfg = Release|Any CPU
		{07EB4627-0D4A-4963-9DC6-2A61C7A68222}.Release|Any CPU.Build.0 = Release|Any CPU
	EndGlobalSection
	GlobalSection(SolutionProperties) = preSolution
		HideSolutionNode = FALSE
	EndGlobalSection
	GlobalSection(ExtensibilityGlobals) = postSolution
		SolutionGuid = {85A01AAF-E07A-4201-B0CC-1B13701DEFD4}
	EndGlobalSection
EndGlobal
